
Microsoft Visual Studio Solution File, Format Version 12.00
# Visual Studio Version 17
VisualStudioVersion = 17.9.34701.34
MinimumVisualStudioVersion = 10.0.40219.1
Project("{9A19103F-16F7-4668-BE54-9A1E7A4F7556}") = "AprendendoDesignPatterns.App", "AprendendoDesignPatterns.App\AprendendoDesignPatterns.App.csproj", "{C74A8312-1CC3-4997-97EC-93C88687F9E4}"
EndProject
Project("{2150E333-8FDC-42A3-9474-1A3956D46DE8}") = "BehavioralPatterns", "BehavioralPatterns", "{81FBA89A-4C07-4BEF-A578-C8B06746BA04}"
EndProject
Project("{9A19103F-16F7-4668-BE54-9A1E7A4F7556}") = "ChainOfResponsibility", "BehavioralPatterns\ChainOfResponsibility\ChainOfResponsibility.csproj", "{ABF3156C-137E-4B6F-B345-46172A5CEA57}"
EndProject
Project("{9A19103F-16F7-4668-BE54-9A1E7A4F7556}") = "Strategy", "BehavioralPatterns\Strategy\Strategy.csproj", "{C646AEB9-171C-451D-B7D5-C61BEC712DA0}"
EndProject
Project("{9A19103F-16F7-4668-BE54-9A1E7A4F7556}") = "TemplateMethod", "BehavioralPatterns\TemplateMethod\TemplateMethod.csproj", "{DDEA430D-D5B4-4D8E-BF54-7F213AD0B9A8}"
EndProject
Project("{2150E333-8FDC-42A3-9474-1A3956D46DE8}") = "StructuralPatterns", "StructuralPatterns", "{FE5B211D-3BC3-4402-85AF-E3CED1CD570E}"
EndProject
Project("{9A19103F-16F7-4668-BE54-9A1E7A4F7556}") = "Decorator", "StructuralPatterns\Decorator\Decorator.csproj", "{609E4A78-5FEC-4124-B90A-A5AB05E96E64}"
EndProject
Project("{9A19103F-16F7-4668-BE54-9A1E7A4F7556}") = "State", "BehavioralPatterns\State\State.csproj", "{2554AE9A-2CC4-4E2B-B587-3325952342AA}"
EndProject
Project("{2150E333-8FDC-42A3-9474-1A3956D46DE8}") = "CreationalPatterns", "CreationalPatterns", "{4D54B577-54A4-4A8A-B8A7-A05D9939051E}"
EndProject
Project("{FAE04EC0-301F-11D3-BF4B-00C04F79EFBC}") = "Builder", "CreationalPatterns\Builder\Builder.csproj", "{904FFBD1-56AB-4574-8BCF-96F77CEBC55F}"
EndProject
Project("{FAE04EC0-301F-11D3-BF4B-00C04F79EFBC}") = "Observer", "BehavioralPatterns\Observer\Observer.csproj", "{809E5865-DD81-47B5-8B3C-156C4C18EE09}"
EndProject
Project("{FAE04EC0-301F-11D3-BF4B-00C04F79EFBC}") = "FactoryMethod", "CreationalPatterns\FactoryMethod\FactoryMethod.csproj", "{AEE29EB6-EDC0-478A-8A3B-5C9EE9968900}"
EndProject
Project("{FAE04EC0-301F-11D3-BF4B-00C04F79EFBC}") = "AbstractFactory", "CreationalPatterns\AbstractFactory\AbstractFactory.csproj", "{6DD23675-4FE9-415D-A91E-29F7879398E6}"
EndProject
Global
	GlobalSection(SolutionConfigurationPlatforms) = preSolution
		Debug|Any CPU = Debug|Any CPU
		Release|Any CPU = Release|Any CPU
	EndGlobalSection
	GlobalSection(ProjectConfigurationPlatforms) = postSolution
		{C74A8312-1CC3-4997-97EC-93C88687F9E4}.Debug|Any CPU.ActiveCfg = Debug|Any CPU
		{C74A8312-1CC3-4997-97EC-93C88687F9E4}.Debug|Any CPU.Build.0 = Debug|Any CPU
		{C74A8312-1CC3-4997-97EC-93C88687F9E4}.Release|Any CPU.ActiveCfg = Release|Any CPU
		{C74A8312-1CC3-4997-97EC-93C88687F9E4}.Release|Any CPU.Build.0 = Release|Any CPU
		{ABF3156C-137E-4B6F-B345-46172A5CEA57}.Debug|Any CPU.ActiveCfg = Debug|Any CPU
		{ABF3156C-137E-4B6F-B345-46172A5CEA57}.Debug|Any CPU.Build.0 = Debug|Any CPU
		{ABF3156C-137E-4B6F-B345-46172A5CEA57}.Release|Any CPU.ActiveCfg = Release|Any CPU
		{ABF3156C-137E-4B6F-B345-46172A5CEA57}.Release|Any CPU.Build.0 = Release|Any CPU
		{C646AEB9-171C-451D-B7D5-C61BEC712DA0}.Debug|Any CPU.ActiveCfg = Debug|Any CPU
		{C646AEB9-171C-451D-B7D5-C61BEC712DA0}.Debug|Any CPU.Build.0 = Debug|Any CPU
		{C646AEB9-171C-451D-B7D5-C61BEC712DA0}.Release|Any CPU.ActiveCfg = Release|Any CPU
		{C646AEB9-171C-451D-B7D5-C61BEC712DA0}.Release|Any CPU.Build.0 = Release|Any CPU
		{DDEA430D-D5B4-4D8E-BF54-7F213AD0B9A8}.Debug|Any CPU.ActiveCfg = Debug|Any CPU
		{DDEA430D-D5B4-4D8E-BF54-7F213AD0B9A8}.Debug|Any CPU.Build.0 = Debug|Any CPU
		{DDEA430D-D5B4-4D8E-BF54-7F213AD0B9A8}.Release|Any CPU.ActiveCfg = Release|Any CPU
		{DDEA430D-D5B4-4D8E-BF54-7F213AD0B9A8}.Release|Any CPU.Build.0 = Release|Any CPU
		{609E4A78-5FEC-4124-B90A-A5AB05E96E64}.Debug|Any CPU.ActiveCfg = Debug|Any CPU
		{609E4A78-5FEC-4124-B90A-A5AB05E96E64}.Debug|Any CPU.Build.0 = Debug|Any CPU
		{609E4A78-5FEC-4124-B90A-A5AB05E96E64}.Release|Any CPU.ActiveCfg = Release|Any CPU
		{609E4A78-5FEC-4124-B90A-A5AB05E96E64}.Release|Any CPU.Build.0 = Release|Any CPU
		{2554AE9A-2CC4-4E2B-B587-3325952342AA}.Debug|Any CPU.ActiveCfg = Debug|Any CPU
		{2554AE9A-2CC4-4E2B-B587-3325952342AA}.Debug|Any CPU.Build.0 = Debug|Any CPU
		{2554AE9A-2CC4-4E2B-B587-3325952342AA}.Release|Any CPU.ActiveCfg = Release|Any CPU
		{2554AE9A-2CC4-4E2B-B587-3325952342AA}.Release|Any CPU.Build.0 = Release|Any CPU
		{904FFBD1-56AB-4574-8BCF-96F77CEBC55F}.Debug|Any CPU.ActiveCfg = Debug|Any CPU
		{904FFBD1-56AB-4574-8BCF-96F77CEBC55F}.Debug|Any CPU.Build.0 = Debug|Any CPU
		{904FFBD1-56AB-4574-8BCF-96F77CEBC55F}.Release|Any CPU.ActiveCfg = Release|Any CPU
		{904FFBD1-56AB-4574-8BCF-96F77CEBC55F}.Release|Any CPU.Build.0 = Release|Any CPU
		{809E5865-DD81-47B5-8B3C-156C4C18EE09}.Debug|Any CPU.ActiveCfg = Debug|Any CPU
		{809E5865-DD81-47B5-8B3C-156C4C18EE09}.Debug|Any CPU.Build.0 = Debug|Any CPU
		{809E5865-DD81-47B5-8B3C-156C4C18EE09}.Release|Any CPU.ActiveCfg = Release|Any CPU
		{809E5865-DD81-47B5-8B3C-156C4C18EE09}.Release|Any CPU.Build.0 = Release|Any CPU
		{AEE29EB6-EDC0-478A-8A3B-5C9EE9968900}.Debug|Any CPU.ActiveCfg = Debug|Any CPU
		{AEE29EB6-EDC0-478A-8A3B-5C9EE9968900}.Debug|Any CPU.Build.0 = Debug|Any CPU
		{AEE29EB6-EDC0-478A-8A3B-5C9EE9968900}.Release|Any CPU.ActiveCfg = Release|Any CPU
		{AEE29EB6-EDC0-478A-8A3B-5C9EE9968900}.Release|Any CPU.Build.0 = Release|Any CPU
		{6DD23675-4FE9-415D-A91E-29F7879398E6}.Debug|Any CPU.ActiveCfg = Debug|Any CPU
		{6DD23675-4FE9-415D-A91E-29F7879398E6}.Debug|Any CPU.Build.0 = Debug|Any CPU
		{6DD23675-4FE9-415D-A91E-29F7879398E6}.Release|Any CPU.ActiveCfg = Release|Any CPU
		{6DD23675-4FE9-415D-A91E-29F7879398E6}.Release|Any CPU.Build.0 = Release|Any CPU
	EndGlobalSection
	GlobalSection(SolutionProperties) = preSolution
		HideSolutionNode = FALSE
	EndGlobalSection
	GlobalSection(NestedProjects) = preSolution
		{ABF3156C-137E-4B6F-B345-46172A5CEA57} = {81FBA89A-4C07-4BEF-A578-C8B06746BA04}
		{C646AEB9-171C-451D-B7D5-C61BEC712DA0} = {81FBA89A-4C07-4BEF-A578-C8B06746BA04}
		{DDEA430D-D5B4-4D8E-BF54-7F213AD0B9A8} = {81FBA89A-4C07-4BEF-A578-C8B06746BA04}
		{609E4A78-5FEC-4124-B90A-A5AB05E96E64} = {FE5B211D-3BC3-4402-85AF-E3CED1CD570E}
		{2554AE9A-2CC4-4E2B-B587-3325952342AA} = {81FBA89A-4C07-4BEF-A578-C8B06746BA04}
		{904FFBD1-56AB-4574-8BCF-96F77CEBC55F} = {4D54B577-54A4-4A8A-B8A7-A05D9939051E}
		{809E5865-DD81-47B5-8B3C-156C4C18EE09} = {81FBA89A-4C07-4BEF-A578-C8B06746BA04}
		{AEE29EB6-EDC0-478A-8A3B-5C9EE9968900} = {4D54B577-54A4-4A8A-B8A7-A05D9939051E}
		{6DD23675-4FE9-415D-A91E-29F7879398E6} = {4D54B577-54A4-4A8A-B8A7-A05D9939051E}
	EndGlobalSection
	GlobalSection(ExtensibilityGlobals) = postSolution
		SolutionGuid = {8DFD1850-3D15-42E9-8E14-8D93779C42BE}
	EndGlobalSection
EndGlobal
