
Microsoft Visual Studio Solution File, Format Version 12.00
# Visual Studio Version 17
VisualStudioVersion = 17.9.34701.34
MinimumVisualStudioVersion = 10.0.40219.1
Project("{9A19103F-16F7-4668-BE54-9A1E7A4F7556}") = "AprendendoDesignPatterns.App", "AprendendoDesignPatterns.App\AprendendoDesignPatterns.App.csproj", "{C74A8312-1CC3-4997-97EC-93C88687F9E4}"
EndProject
Project("{2150E333-8FDC-42A3-9474-1A3956D46DE8}") = "BehavioralPatterns", "BehavioralPatterns", "{81FBA89A-4C07-4BEF-A578-C8B06746BA04}"
EndProject
Project("{9A19103F-16F7-4668-BE54-9A1E7A4F7556}") = "ChainOfResponsibility", "BehavioralPatterns\ChainOfResponsibility\ChainOfResponsibility.csproj", "{ABF3156C-137E-4B6F-B345-46172A5CEA57}"
EndProject
Project("{9A19103F-16F7-4668-BE54-9A1E7A4F7556}") = "Strategy", "BehavioralPatterns\Strategy\Strategy.csproj", "{C646AEB9-171C-451D-B7D5-C61BEC712DA0}"
EndProject
Project("{9A19103F-16F7-4668-BE54-9A1E7A4F7556}") = "TemplateMethod", "BehavioralPatterns\TemplateMethod\TemplateMethod.csproj", "{DDEA430D-D5B4-4D8E-BF54-7F213AD0B9A8}"
EndProject
Project("{2150E333-8FDC-42A3-9474-1A3956D46DE8}") = "StructuralPatterns", "StructuralPatterns", "{FE5B211D-3BC3-4402-85AF-E3CED1CD570E}"
EndProject
Project("{9A19103F-16F7-4668-BE54-9A1E7A4F7556}") = "Decorator", "StructuralPatterns\Decorator\Decorator.csproj", "{609E4A78-5FEC-4124-B90A-A5AB05E96E64}"
EndProject
Project("{9A19103F-16F7-4668-BE54-9A1E7A4F7556}") = "State", "BehavioralPatterns\State\State.csproj", "{2554AE9A-2CC4-4E2B-B587-3325952342AA}"
EndProject
Project("{2150E333-8FDC-42A3-9474-1A3956D46DE8}") = "CreationalPatterns", "CreationalPatterns", "{4D54B577-54A4-4A8A-B8A7-A05D9939051E}"
EndProject
Project("{9A19103F-16F7-4668-BE54-9A1E7A4F7556}") = "Builder", "CreationalPatterns\Builder\Builder.csproj", "{904FFBD1-56AB-4574-8BCF-96F77CEBC55F}"
EndProject
Project("{9A19103F-16F7-4668-BE54-9A1E7A4F7556}") = "Observer", "BehavioralPatterns\Observer\Observer.csproj", "{809E5865-DD81-47B5-8B3C-156C4C18EE09}"
EndProject
Project("{9A19103F-16F7-4668-BE54-9A1E7A4F7556}") = "FactoryMethod", "CreationalPatterns\FactoryMethod\FactoryMethod.csproj", "{AEE29EB6-EDC0-478A-8A3B-5C9EE9968900}"
EndProject
Project("{9A19103F-16F7-4668-BE54-9A1E7A4F7556}") = "AbstractFactory", "CreationalPatterns\AbstractFactory\AbstractFactory.csproj", "{6DD23675-4FE9-415D-A91E-29F7879398E6}"
EndProject
Project("{9A19103F-16F7-4668-BE54-9A1E7A4F7556}") = "Flyweight", "StructuralPatterns\Flyweight\Flyweight.csproj", "{F4BBA1E0-604F-4018-9DF9-B396481D4130}"
EndProject
Project("{9A19103F-16F7-4668-BE54-9A1E7A4F7556}") = "Memento", "BehavioralPatterns\Memento\Memento.csproj", "{4F5537FB-FB99-4577-8042-FB8B3ED78B8F}"
EndProject
Project("{9A19103F-16F7-4668-BE54-9A1E7A4F7556}") = "Interpreter", "BehavioralPatterns\Interpreter\Interpreter.csproj", "{80CE61C9-D7BA-4B46-9B91-50DB2C7DEE40}"
EndProject
Project("{9A19103F-16F7-4668-BE54-9A1E7A4F7556}") = "Visitor", "BehavioralPatterns\Visitor\Visitor.csproj", "{096F3759-23A3-4A31-BBFC-8C21E3FD2D9E}"
EndProject
Project("{9A19103F-16F7-4668-BE54-9A1E7A4F7556}") = "Bridge", "StructuralPatterns\Bridge\Bridge.csproj", "{A9E1524F-1257-4FF9-BD5A-31C56599345A}"
EndProject
Project("{9A19103F-16F7-4668-BE54-9A1E7A4F7556}") = "Command", "BehavioralPatterns\Command\Command.csproj", "{C948C7F8-B7B3-4916-990D-6599A644B324}"
EndProject
Project("{9A19103F-16F7-4668-BE54-9A1E7A4F7556}") = "Adapter", "StructuralPatterns\Adapter\Adapter.csproj", "{B51F0281-69F5-473E-A742-546BDE4BD5CE}"
EndProject
Project("{9A19103F-16F7-4668-BE54-9A1E7A4F7556}") = "Singleton", "CreationalPatterns\Singleton\Singleton.csproj", "{725BC8F2-C0F3-4FDC-8A3B-718CF90E421C}"
EndProject
Project("{9A19103F-16F7-4668-BE54-9A1E7A4F7556}") = "Facade", "StructuralPatterns\Facade\Facade.csproj", "{203E7BD1-8299-4DE1-8EC2-82D2C7389BC5}"
EndProject
Project("{9A19103F-16F7-4668-BE54-9A1E7A4F7556}") = "Iterator", "BehavioralPatterns\Iterator\Iterator.csproj", "{D2FBB69F-4130-4ED6-B7DF-39C518D06B72}"
EndProject
Project("{FAE04EC0-301F-11D3-BF4B-00C04F79EFBC}") = "Composite", "StructuralPatterns\Composite\Composite.csproj", "{9E11223D-1E67-418F-AD85-0590DEFF3256}"
EndProject
Project("{FAE04EC0-301F-11D3-BF4B-00C04F79EFBC}") = "Proxy", "StructuralPatterns\Proxy\Proxy.csproj", "{ECD8FC70-1A38-47FE-82B2-0F49CB229F49}"
EndProject
Global
	GlobalSection(SolutionConfigurationPlatforms) = preSolution
		Debug|Any CPU = Debug|Any CPU
		Release|Any CPU = Release|Any CPU
	EndGlobalSection
	GlobalSection(ProjectConfigurationPlatforms) = postSolution
		{C74A8312-1CC3-4997-97EC-93C88687F9E4}.Debug|Any CPU.ActiveCfg = Debug|Any CPU
		{C74A8312-1CC3-4997-97EC-93C88687F9E4}.Debug|Any CPU.Build.0 = Debug|Any CPU
		{C74A8312-1CC3-4997-97EC-93C88687F9E4}.Release|Any CPU.ActiveCfg = Release|Any CPU
		{C74A8312-1CC3-4997-97EC-93C88687F9E4}.Release|Any CPU.Build.0 = Release|Any CPU
		{ABF3156C-137E-4B6F-B345-46172A5CEA57}.Debug|Any CPU.ActiveCfg = Debug|Any CPU
		{ABF3156C-137E-4B6F-B345-46172A5CEA57}.Debug|Any CPU.Build.0 = Debug|Any CPU
		{ABF3156C-137E-4B6F-B345-46172A5CEA57}.Release|Any CPU.ActiveCfg = Release|Any CPU
		{ABF3156C-137E-4B6F-B345-46172A5CEA57}.Release|Any CPU.Build.0 = Release|Any CPU
		{C646AEB9-171C-451D-B7D5-C61BEC712DA0}.Debug|Any CPU.ActiveCfg = Debug|Any CPU
		{C646AEB9-171C-451D-B7D5-C61BEC712DA0}.Debug|Any CPU.Build.0 = Debug|Any CPU
		{C646AEB9-171C-451D-B7D5-C61BEC712DA0}.Release|Any CPU.ActiveCfg = Release|Any CPU
		{C646AEB9-171C-451D-B7D5-C61BEC712DA0}.Release|Any CPU.Build.0 = Release|Any CPU
		{DDEA430D-D5B4-4D8E-BF54-7F213AD0B9A8}.Debug|Any CPU.ActiveCfg = Debug|Any CPU
		{DDEA430D-D5B4-4D8E-BF54-7F213AD0B9A8}.Debug|Any CPU.Build.0 = Debug|Any CPU
		{DDEA430D-D5B4-4D8E-BF54-7F213AD0B9A8}.Release|Any CPU.ActiveCfg = Release|Any CPU
		{DDEA430D-D5B4-4D8E-BF54-7F213AD0B9A8}.Release|Any CPU.Build.0 = Release|Any CPU
		{609E4A78-5FEC-4124-B90A-A5AB05E96E64}.Debug|Any CPU.ActiveCfg = Debug|Any CPU
		{609E4A78-5FEC-4124-B90A-A5AB05E96E64}.Debug|Any CPU.Build.0 = Debug|Any CPU
		{609E4A78-5FEC-4124-B90A-A5AB05E96E64}.Release|Any CPU.ActiveCfg = Release|Any CPU
		{609E4A78-5FEC-4124-B90A-A5AB05E96E64}.Release|Any CPU.Build.0 = Release|Any CPU
		{2554AE9A-2CC4-4E2B-B587-3325952342AA}.Debug|Any CPU.ActiveCfg = Debug|Any CPU
		{2554AE9A-2CC4-4E2B-B587-3325952342AA}.Debug|Any CPU.Build.0 = Debug|Any CPU
		{2554AE9A-2CC4-4E2B-B587-3325952342AA}.Release|Any CPU.ActiveCfg = Release|Any CPU
		{2554AE9A-2CC4-4E2B-B587-3325952342AA}.Release|Any CPU.Build.0 = Release|Any CPU
		{904FFBD1-56AB-4574-8BCF-96F77CEBC55F}.Debug|Any CPU.ActiveCfg = Debug|Any CPU
		{904FFBD1-56AB-4574-8BCF-96F77CEBC55F}.Debug|Any CPU.Build.0 = Debug|Any CPU
		{904FFBD1-56AB-4574-8BCF-96F77CEBC55F}.Release|Any CPU.ActiveCfg = Release|Any CPU
		{904FFBD1-56AB-4574-8BCF-96F77CEBC55F}.Release|Any CPU.Build.0 = Release|Any CPU
		{809E5865-DD81-47B5-8B3C-156C4C18EE09}.Debug|Any CPU.ActiveCfg = Debug|Any CPU
		{809E5865-DD81-47B5-8B3C-156C4C18EE09}.Debug|Any CPU.Build.0 = Debug|Any CPU
		{809E5865-DD81-47B5-8B3C-156C4C18EE09}.Release|Any CPU.ActiveCfg = Release|Any CPU
		{809E5865-DD81-47B5-8B3C-156C4C18EE09}.Release|Any CPU.Build.0 = Release|Any CPU
		{AEE29EB6-EDC0-478A-8A3B-5C9EE9968900}.Debug|Any CPU.ActiveCfg = Debug|Any CPU
		{AEE29EB6-EDC0-478A-8A3B-5C9EE9968900}.Debug|Any CPU.Build.0 = Debug|Any CPU
		{AEE29EB6-EDC0-478A-8A3B-5C9EE9968900}.Release|Any CPU.ActiveCfg = Release|Any CPU
		{AEE29EB6-EDC0-478A-8A3B-5C9EE9968900}.Release|Any CPU.Build.0 = Release|Any CPU
		{6DD23675-4FE9-415D-A91E-29F7879398E6}.Debug|Any CPU.ActiveCfg = Debug|Any CPU
		{6DD23675-4FE9-415D-A91E-29F7879398E6}.Debug|Any CPU.Build.0 = Debug|Any CPU
		{6DD23675-4FE9-415D-A91E-29F7879398E6}.Release|Any CPU.ActiveCfg = Release|Any CPU
		{6DD23675-4FE9-415D-A91E-29F7879398E6}.Release|Any CPU.Build.0 = Release|Any CPU
		{F4BBA1E0-604F-4018-9DF9-B396481D4130}.Debug|Any CPU.ActiveCfg = Debug|Any CPU
		{F4BBA1E0-604F-4018-9DF9-B396481D4130}.Debug|Any CPU.Build.0 = Debug|Any CPU
		{F4BBA1E0-604F-4018-9DF9-B396481D4130}.Release|Any CPU.ActiveCfg = Release|Any CPU
		{F4BBA1E0-604F-4018-9DF9-B396481D4130}.Release|Any CPU.Build.0 = Release|Any CPU
		{4F5537FB-FB99-4577-8042-FB8B3ED78B8F}.Debug|Any CPU.ActiveCfg = Debug|Any CPU
		{4F5537FB-FB99-4577-8042-FB8B3ED78B8F}.Debug|Any CPU.Build.0 = Debug|Any CPU
		{4F5537FB-FB99-4577-8042-FB8B3ED78B8F}.Release|Any CPU.ActiveCfg = Release|Any CPU
		{4F5537FB-FB99-4577-8042-FB8B3ED78B8F}.Release|Any CPU.Build.0 = Release|Any CPU
		{80CE61C9-D7BA-4B46-9B91-50DB2C7DEE40}.Debug|Any CPU.ActiveCfg = Debug|Any CPU
		{80CE61C9-D7BA-4B46-9B91-50DB2C7DEE40}.Debug|Any CPU.Build.0 = Debug|Any CPU
		{80CE61C9-D7BA-4B46-9B91-50DB2C7DEE40}.Release|Any CPU.ActiveCfg = Release|Any CPU
		{80CE61C9-D7BA-4B46-9B91-50DB2C7DEE40}.Release|Any CPU.Build.0 = Release|Any CPU
		{096F3759-23A3-4A31-BBFC-8C21E3FD2D9E}.Debug|Any CPU.ActiveCfg = Debug|Any CPU
		{096F3759-23A3-4A31-BBFC-8C21E3FD2D9E}.Debug|Any CPU.Build.0 = Debug|Any CPU
		{096F3759-23A3-4A31-BBFC-8C21E3FD2D9E}.Release|Any CPU.ActiveCfg = Release|Any CPU
		{096F3759-23A3-4A31-BBFC-8C21E3FD2D9E}.Release|Any CPU.Build.0 = Release|Any CPU
		{A9E1524F-1257-4FF9-BD5A-31C56599345A}.Debug|Any CPU.ActiveCfg = Debug|Any CPU
		{A9E1524F-1257-4FF9-BD5A-31C56599345A}.Debug|Any CPU.Build.0 = Debug|Any CPU
		{A9E1524F-1257-4FF9-BD5A-31C56599345A}.Release|Any CPU.ActiveCfg = Release|Any CPU
		{A9E1524F-1257-4FF9-BD5A-31C56599345A}.Release|Any CPU.Build.0 = Release|Any CPU
		{C948C7F8-B7B3-4916-990D-6599A644B324}.Debug|Any CPU.ActiveCfg = Debug|Any CPU
		{C948C7F8-B7B3-4916-990D-6599A644B324}.Debug|Any CPU.Build.0 = Debug|Any CPU
		{C948C7F8-B7B3-4916-990D-6599A644B324}.Release|Any CPU.ActiveCfg = Release|Any CPU
		{C948C7F8-B7B3-4916-990D-6599A644B324}.Release|Any CPU.Build.0 = Release|Any CPU
		{B51F0281-69F5-473E-A742-546BDE4BD5CE}.Debug|Any CPU.ActiveCfg = Debug|Any CPU
		{B51F0281-69F5-473E-A742-546BDE4BD5CE}.Debug|Any CPU.Build.0 = Debug|Any CPU
		{B51F0281-69F5-473E-A742-546BDE4BD5CE}.Release|Any CPU.ActiveCfg = Release|Any CPU
		{B51F0281-69F5-473E-A742-546BDE4BD5CE}.Release|Any CPU.Build.0 = Release|Any CPU
		{725BC8F2-C0F3-4FDC-8A3B-718CF90E421C}.Debug|Any CPU.ActiveCfg = Debug|Any CPU
		{725BC8F2-C0F3-4FDC-8A3B-718CF90E421C}.Debug|Any CPU.Build.0 = Debug|Any CPU
		{725BC8F2-C0F3-4FDC-8A3B-718CF90E421C}.Release|Any CPU.ActiveCfg = Release|Any CPU
		{725BC8F2-C0F3-4FDC-8A3B-718CF90E421C}.Release|Any CPU.Build.0 = Release|Any CPU
		{203E7BD1-8299-4DE1-8EC2-82D2C7389BC5}.Debug|Any CPU.ActiveCfg = Debug|Any CPU
		{203E7BD1-8299-4DE1-8EC2-82D2C7389BC5}.Debug|Any CPU.Build.0 = Debug|Any CPU
		{203E7BD1-8299-4DE1-8EC2-82D2C7389BC5}.Release|Any CPU.ActiveCfg = Release|Any CPU
		{203E7BD1-8299-4DE1-8EC2-82D2C7389BC5}.Release|Any CPU.Build.0 = Release|Any CPU
		{D2FBB69F-4130-4ED6-B7DF-39C518D06B72}.Debug|Any CPU.ActiveCfg = Debug|Any CPU
		{D2FBB69F-4130-4ED6-B7DF-39C518D06B72}.Debug|Any CPU.Build.0 = Debug|Any CPU
		{D2FBB69F-4130-4ED6-B7DF-39C518D06B72}.Release|Any CPU.ActiveCfg = Release|Any CPU
		{D2FBB69F-4130-4ED6-B7DF-39C518D06B72}.Release|Any CPU.Build.0 = Release|Any CPU
		{9E11223D-1E67-418F-AD85-0590DEFF3256}.Debug|Any CPU.ActiveCfg = Debug|Any CPU
		{9E11223D-1E67-418F-AD85-0590DEFF3256}.Debug|Any CPU.Build.0 = Debug|Any CPU
		{9E11223D-1E67-418F-AD85-0590DEFF3256}.Release|Any CPU.ActiveCfg = Release|Any CPU
		{9E11223D-1E67-418F-AD85-0590DEFF3256}.Release|Any CPU.Build.0 = Release|Any CPU
		{ECD8FC70-1A38-47FE-82B2-0F49CB229F49}.Debug|Any CPU.ActiveCfg = Debug|Any CPU
		{ECD8FC70-1A38-47FE-82B2-0F49CB229F49}.Debug|Any CPU.Build.0 = Debug|Any CPU
		{ECD8FC70-1A38-47FE-82B2-0F49CB229F49}.Release|Any CPU.ActiveCfg = Release|Any CPU
		{ECD8FC70-1A38-47FE-82B2-0F49CB229F49}.Release|Any CPU.Build.0 = Release|Any CPU
	EndGlobalSection
	GlobalSection(SolutionProperties) = preSolution
		HideSolutionNode = FALSE
	EndGlobalSection
	GlobalSection(NestedProjects) = preSolution
		{ABF3156C-137E-4B6F-B345-46172A5CEA57} = {81FBA89A-4C07-4BEF-A578-C8B06746BA04}
		{C646AEB9-171C-451D-B7D5-C61BEC712DA0} = {81FBA89A-4C07-4BEF-A578-C8B06746BA04}
		{DDEA430D-D5B4-4D8E-BF54-7F213AD0B9A8} = {81FBA89A-4C07-4BEF-A578-C8B06746BA04}
		{609E4A78-5FEC-4124-B90A-A5AB05E96E64} = {FE5B211D-3BC3-4402-85AF-E3CED1CD570E}
		{2554AE9A-2CC4-4E2B-B587-3325952342AA} = {81FBA89A-4C07-4BEF-A578-C8B06746BA04}
		{904FFBD1-56AB-4574-8BCF-96F77CEBC55F} = {4D54B577-54A4-4A8A-B8A7-A05D9939051E}
		{809E5865-DD81-47B5-8B3C-156C4C18EE09} = {81FBA89A-4C07-4BEF-A578-C8B06746BA04}
		{AEE29EB6-EDC0-478A-8A3B-5C9EE9968900} = {4D54B577-54A4-4A8A-B8A7-A05D9939051E}
		{6DD23675-4FE9-415D-A91E-29F7879398E6} = {4D54B577-54A4-4A8A-B8A7-A05D9939051E}
		{F4BBA1E0-604F-4018-9DF9-B396481D4130} = {FE5B211D-3BC3-4402-85AF-E3CED1CD570E}
		{4F5537FB-FB99-4577-8042-FB8B3ED78B8F} = {81FBA89A-4C07-4BEF-A578-C8B06746BA04}
		{80CE61C9-D7BA-4B46-9B91-50DB2C7DEE40} = {81FBA89A-4C07-4BEF-A578-C8B06746BA04}
		{096F3759-23A3-4A31-BBFC-8C21E3FD2D9E} = {81FBA89A-4C07-4BEF-A578-C8B06746BA04}
		{A9E1524F-1257-4FF9-BD5A-31C56599345A} = {FE5B211D-3BC3-4402-85AF-E3CED1CD570E}
		{C948C7F8-B7B3-4916-990D-6599A644B324} = {81FBA89A-4C07-4BEF-A578-C8B06746BA04}
		{B51F0281-69F5-473E-A742-546BDE4BD5CE} = {FE5B211D-3BC3-4402-85AF-E3CED1CD570E}
		{725BC8F2-C0F3-4FDC-8A3B-718CF90E421C} = {4D54B577-54A4-4A8A-B8A7-A05D9939051E}
		{203E7BD1-8299-4DE1-8EC2-82D2C7389BC5} = {FE5B211D-3BC3-4402-85AF-E3CED1CD570E}
		{D2FBB69F-4130-4ED6-B7DF-39C518D06B72} = {81FBA89A-4C07-4BEF-A578-C8B06746BA04}
		{9E11223D-1E67-418F-AD85-0590DEFF3256} = {FE5B211D-3BC3-4402-85AF-E3CED1CD570E}
		{ECD8FC70-1A38-47FE-82B2-0F49CB229F49} = {FE5B211D-3BC3-4402-85AF-E3CED1CD570E}
	EndGlobalSection
	GlobalSection(ExtensibilityGlobals) = postSolution
		SolutionGuid = {8DFD1850-3D15-42E9-8E14-8D93779C42BE}
	EndGlobalSection
EndGlobal
